{
  "name": "stack-jsgraph",
  "version": "1.0.0",
  "lockfileVersion": 3,
  "requires": true,
  "packages": {
    "": {
      "name": "stack-jsgraph",
      "version": "1.0.0",
      "license": "ISC",
      "dependencies": {
        "jsxgraph": "^1.10.1"
      },
      "devDependencies": {
        "typescript": "^5.8.2"
      }
    },
    "node_modules/jsxgraph": {
      "version": "1.10.1",
      "resolved": "https://registry.npmjs.org/jsxgraph/-/jsxgraph-1.10.1.tgz",
      "integrity": "sha512-N7WQmjeiiGKiJPr4iGUHgf8uRazOo9qaGLjX/tLWvrup67FUVD4eEctSLO1HuNcOSthwl16aTc692TKf/vZxNw==",
      "license": "(MIT OR LGPL-3.0-or-later)",
      "engines": {
        "node": ">=0.6.0"
      }
    },
    "node_modules/typescript": {
      "version": "5.8.2",
      "resolved": "https://registry.npmjs.org/typescript/-/typescript-5.8.2.tgz",
      "integrity": "sha512-aJn6wq13/afZp/jT9QZmwEjDqqvSGp1VT5GVg+f/t6/oVyrgXM6BY1h9BRh/O5p3PlUPAe+WuiEZOmb/49RqoQ==",
      "dev": true,
      "license": "Apache-2.0",
      "bin": {
        "tsc": "bin/tsc",
        "tsserver": "bin/tsserver"
      },
      "engines": {
        "node": ">=14.17"
      }
    }
  }
}
